
Microsoft Visual Studio Solution File, Format Version 12.00
# Visual Studio Version 16
VisualStudioVersion = 16.0.30523.141
MinimumVisualStudioVersion = 10.0.40219.1
Project("{FAE04EC0-301F-11D3-BF4B-00C04F79EFBC}") = "ConverterCalib", "ConverterCalib.csproj", "{FFD75FF6-23B8-4837-B14A-34483B386404}"
EndProject
Global
	GlobalSection(SolutionConfigurationPlatforms) = preSolution
		Debug|Any CPU = Debug|Any CPU
		Release|Any CPU = Release|Any CPU
	EndGlobalSection
	GlobalSection(ProjectConfigurationPlatforms) = postSolution
		{FFD75FF6-23B8-4837-B14A-34483B386404}.Debug|Any CPU.ActiveCfg = Debug|Any CPU
		{FFD75FF6-23B8-4837-B14A-34483B386404}.Debug|Any CPU.Build.0 = Debug|Any CPU
		{FFD75FF6-23B8-4837-B14A-34483B386404}.Release|Any CPU.ActiveCfg = Release|Any CPU
		{FFD75FF6-23B8-4837-B14A-34483B386404}.Release|Any CPU.Build.0 = Release|Any CPU
	EndGlobalSection
	GlobalSection(SolutionProperties) = preSolution
		HideSolutionNode = FALSE
	EndGlobalSection
	GlobalSection(ExtensibilityGlobals) = postSolution
		SolutionGuid = {D43C1711-E0FF-4530-BA7B-4B2637BFD476}
	EndGlobalSection
EndGlobal
